
Microsoft Visual Studio Solution File, Format Version 12.00
# Visual Studio Version 17
VisualStudioVersion = 17.9.34616.47
MinimumVisualStudioVersion = 10.0.40219.1
Project("{FAE04EC0-301F-11D3-BF4B-00C04F79EFBC}") = "NSBMGO", "NSBMGO\NSBMGO.csproj", "{FF3A5E6C-8590-444E-A892-E5CFF87157B3}"
EndProject
Global
	GlobalSection(SolutionConfigurationPlatforms) = preSolution
		Debug|Any CPU = Debug|Any CPU
		Release|Any CPU = Release|Any CPU
	EndGlobalSection
	GlobalSection(ProjectConfigurationPlatforms) = postSolution
		{FF3A5E6C-8590-444E-A892-E5CFF87157B3}.Debug|Any CPU.ActiveCfg = Debug|Any CPU
		{FF3A5E6C-8590-444E-A892-E5CFF87157B3}.Debug|Any CPU.Build.0 = Debug|Any CPU
		{FF3A5E6C-8590-444E-A892-E5CFF87157B3}.Release|Any CPU.ActiveCfg = Release|Any CPU
		{FF3A5E6C-8590-444E-A892-E5CFF87157B3}.Release|Any CPU.Build.0 = Release|Any CPU
	EndGlobalSection
	GlobalSection(SolutionProperties) = preSolution
		HideSolutionNode = FALSE
	EndGlobalSection
	GlobalSection(ExtensibilityGlobals) = postSolution
		SolutionGuid = {36788D14-884B-4913-9C01-7DB3181D2096}
	EndGlobalSection
EndGlobal
